
Microsoft Visual Studio Solution File, Format Version 12.00
# Visual Studio Version 17
VisualStudioVersion = 17.9.34616.47
MinimumVisualStudioVersion = 10.0.40219.1
Project("{9A19103F-16F7-4668-BE54-9A1E7A4F7556}") = "BiogenomTestResults", "BiogenomTestResults\BiogenomTestResults.csproj", "{A7D28F9D-64E8-4068-A026-C3A3879311C0}"
EndProject
Project("{E53339B2-1760-4266-BCC7-CA923CBCF16C}") = "docker-compose", "docker-compose.dcproj", "{DEE669CE-4E1A-40E6-890F-3FFEE880FE2B}"
EndProject
Global
	GlobalSection(SolutionConfigurationPlatforms) = preSolution
		Debug|Any CPU = Debug|Any CPU
		Release|Any CPU = Release|Any CPU
	EndGlobalSection
	GlobalSection(ProjectConfigurationPlatforms) = postSolution
		{A7D28F9D-64E8-4068-A026-C3A3879311C0}.Debug|Any CPU.ActiveCfg = Debug|Any CPU
		{A7D28F9D-64E8-4068-A026-C3A3879311C0}.Debug|Any CPU.Build.0 = Debug|Any CPU
		{A7D28F9D-64E8-4068-A026-C3A3879311C0}.Release|Any CPU.ActiveCfg = Release|Any CPU
		{A7D28F9D-64E8-4068-A026-C3A3879311C0}.Release|Any CPU.Build.0 = Release|Any CPU
		{DEE669CE-4E1A-40E6-890F-3FFEE880FE2B}.Debug|Any CPU.ActiveCfg = Debug|Any CPU
		{DEE669CE-4E1A-40E6-890F-3FFEE880FE2B}.Debug|Any CPU.Build.0 = Debug|Any CPU
		{DEE669CE-4E1A-40E6-890F-3FFEE880FE2B}.Release|Any CPU.ActiveCfg = Release|Any CPU
		{DEE669CE-4E1A-40E6-890F-3FFEE880FE2B}.Release|Any CPU.Build.0 = Release|Any CPU
	EndGlobalSection
	GlobalSection(SolutionProperties) = preSolution
		HideSolutionNode = FALSE
	EndGlobalSection
	GlobalSection(ExtensibilityGlobals) = postSolution
		SolutionGuid = {3B9CCDB7-CFDE-44F3-8B53-8546EAE1496D}
	EndGlobalSection
EndGlobal
